
Microsoft Visual Studio Solution File, Format Version 12.00
# Visual Studio Version 17
VisualStudioVersion = 17.0.31903.59
MinimumVisualStudioVersion = 10.0.40219.1
Project("{FAE04EC0-301F-11D3-BF4B-00C04F79EFBC}") = "BTC_m15", "BTC_m15\BTC_m15.csproj", "{AF238752-3267-4970-B479-696A83C35E17}"
EndProject
Project("{FAE04EC0-301F-11D3-BF4B-00C04F79EFBC}") = "EMVA_m5", "EMVA_m5\EMVA_m5.csproj", "{CC2EB0E1-352C-45D3-B300-5D20E55ADB19}"
EndProject
Project("{FAE04EC0-301F-11D3-BF4B-00C04F79EFBC}") = "hk50_h1", "hk50_h1\hk50_h1.csproj", "{D6EF608B-A7E1-4804-A99B-A6287FD115DA}"
EndProject
Global
	GlobalSection(SolutionConfigurationPlatforms) = preSolution
		Debug|Any CPU = Debug|Any CPU
		Debug|x64 = Debug|x64
		Debug|x86 = Debug|x86
		Release|Any CPU = Release|Any CPU
		Release|x64 = Release|x64
		Release|x86 = Release|x86
	EndGlobalSection
	GlobalSection(ProjectConfigurationPlatforms) = postSolution
		{AF238752-3267-4970-B479-696A83C35E17}.Debug|Any CPU.ActiveCfg = Debug|Any CPU
		{AF238752-3267-4970-B479-696A83C35E17}.Debug|Any CPU.Build.0 = Debug|Any CPU
		{AF238752-3267-4970-B479-696A83C35E17}.Debug|x64.ActiveCfg = Debug|Any CPU
		{AF238752-3267-4970-B479-696A83C35E17}.Debug|x64.Build.0 = Debug|Any CPU
		{AF238752-3267-4970-B479-696A83C35E17}.Debug|x86.ActiveCfg = Debug|Any CPU
		{AF238752-3267-4970-B479-696A83C35E17}.Debug|x86.Build.0 = Debug|Any CPU
		{AF238752-3267-4970-B479-696A83C35E17}.Release|Any CPU.ActiveCfg = Release|Any CPU
		{AF238752-3267-4970-B479-696A83C35E17}.Release|Any CPU.Build.0 = Release|Any CPU
		{AF238752-3267-4970-B479-696A83C35E17}.Release|x64.ActiveCfg = Release|Any CPU
		{AF238752-3267-4970-B479-696A83C35E17}.Release|x64.Build.0 = Release|Any CPU
		{AF238752-3267-4970-B479-696A83C35E17}.Release|x86.ActiveCfg = Release|Any CPU
		{AF238752-3267-4970-B479-696A83C35E17}.Release|x86.Build.0 = Release|Any CPU
		{CC2EB0E1-352C-45D3-B300-5D20E55ADB19}.Debug|Any CPU.ActiveCfg = Debug|Any CPU
		{CC2EB0E1-352C-45D3-B300-5D20E55ADB19}.Debug|Any CPU.Build.0 = Debug|Any CPU
		{CC2EB0E1-352C-45D3-B300-5D20E55ADB19}.Debug|x64.ActiveCfg = Debug|Any CPU
		{CC2EB0E1-352C-45D3-B300-5D20E55ADB19}.Debug|x64.Build.0 = Debug|Any CPU
		{CC2EB0E1-352C-45D3-B300-5D20E55ADB19}.Debug|x86.ActiveCfg = Debug|Any CPU
		{CC2EB0E1-352C-45D3-B300-5D20E55ADB19}.Debug|x86.Build.0 = Debug|Any CPU
		{CC2EB0E1-352C-45D3-B300-5D20E55ADB19}.Release|Any CPU.ActiveCfg = Release|Any CPU
		{CC2EB0E1-352C-45D3-B300-5D20E55ADB19}.Release|Any CPU.Build.0 = Release|Any CPU
		{CC2EB0E1-352C-45D3-B300-5D20E55ADB19}.Release|x64.ActiveCfg = Release|Any CPU
		{CC2EB0E1-352C-45D3-B300-5D20E55ADB19}.Release|x64.Build.0 = Release|Any CPU
		{CC2EB0E1-352C-45D3-B300-5D20E55ADB19}.Release|x86.ActiveCfg = Release|Any CPU
		{CC2EB0E1-352C-45D3-B300-5D20E55ADB19}.Release|x86.Build.0 = Release|Any CPU
		{D6EF608B-A7E1-4804-A99B-A6287FD115DA}.Debug|Any CPU.ActiveCfg = Debug|Any CPU
		{D6EF608B-A7E1-4804-A99B-A6287FD115DA}.Debug|Any CPU.Build.0 = Debug|Any CPU
		{D6EF608B-A7E1-4804-A99B-A6287FD115DA}.Debug|x64.ActiveCfg = Debug|Any CPU
		{D6EF608B-A7E1-4804-A99B-A6287FD115DA}.Debug|x64.Build.0 = Debug|Any CPU
		{D6EF608B-A7E1-4804-A99B-A6287FD115DA}.Debug|x86.ActiveCfg = Debug|Any CPU
		{D6EF608B-A7E1-4804-A99B-A6287FD115DA}.Debug|x86.Build.0 = Debug|Any CPU
		{D6EF608B-A7E1-4804-A99B-A6287FD115DA}.Release|Any CPU.ActiveCfg = Release|Any CPU
		{D6EF608B-A7E1-4804-A99B-A6287FD115DA}.Release|Any CPU.Build.0 = Release|Any CPU
		{D6EF608B-A7E1-4804-A99B-A6287FD115DA}.Release|x64.ActiveCfg = Release|Any CPU
		{D6EF608B-A7E1-4804-A99B-A6287FD115DA}.Release|x64.Build.0 = Release|Any CPU
		{D6EF608B-A7E1-4804-A99B-A6287FD115DA}.Release|x86.ActiveCfg = Release|Any CPU
		{D6EF608B-A7E1-4804-A99B-A6287FD115DA}.Release|x86.Build.0 = Release|Any CPU
	EndGlobalSection
	GlobalSection(SolutionProperties) = preSolution
		HideSolutionNode = FALSE
	EndGlobalSection
EndGlobal
